// !$*UTF8*$!
{
	archiveVersion = 1;
	classes = {
	};
	objectVersion = 48;
	objects = {

/* Begin PBXBuildFile section */
		C2B7B7B2217B3FBD00EAD4F4 /* AppDelegate.swift in Sources */ = {isa = PBXBuildFile; fileRef = C2B7B7B1217B3FBD00EAD4F4 /* AppDelegate.swift */; };
		C2B7B7B4217B3FBD00EAD4F4 /* GameScene.sks in Resources */ = {isa = PBXBuildFile; fileRef = C2B7B7B3217B3FBD00EAD4F4 /* GameScene.sks */; };
		C2B7B7B6217B3FBD00EAD4F4 /* Actions.sks in Resources */ = {isa = PBXBuildFile; fileRef = C2B7B7B5217B3FBD00EAD4F4 /* Actions.sks */; };
		C2B7B7B8217B3FBD00EAD4F4 /* GameScene.swift in Sources */ = {isa = PBXBuildFile; fileRef = C2B7B7B7217B3FBD00EAD4F4 /* GameScene.swift */; };
		C2B7B7BA217B3FBD00EAD4F4 /* GameViewController.swift in Sources */ = {isa = PBXBuildFile; fileRef = C2B7B7B9217B3FBD00EAD4F4 /* GameViewController.swift */; };
		C2B7B7BD217B3FBD00EAD4F4 /* Main.storyboard in Resources */ = {isa = PBXBuildFile; fileRef = C2B7B7BB217B3FBD00EAD4F4 /* Main.storyboard */; };
		C2B7B7BF217B3FBD00EAD4F4 /* Assets.xcassets in Resources */ = {isa = PBXBuildFile; fileRef = C2B7B7BE217B3FBD00EAD4F4 /* Assets.xcassets */; };
		C2B7B7C2217B3FBD00EAD4F4 /* LaunchScreen.storyboard in Resources */ = {isa = PBXBuildFile; fileRef = C2B7B7C0217B3FBD00EAD4F4 /* LaunchScreen.storyboard */; };
/* End PBXBuildFile section */

/* Begin PBXFileReference section */
		C2B7B7AE217B3FBD00EAD4F4 /* countup.app */ = {isa = PBXFileReference; explicitFileType = wrapper.application; includeInIndex = 0; path = countup.app; sourceTree = BUILT_PRODUCTS_DIR; };
		C2B7B7B1217B3FBD00EAD4F4 /* AppDelegate.swift */ = {isa = PBXFileReference; lastKnownFileType = sourcecode.swift; path = AppDelegate.swift; sourceTree = "<group>"; };
		C2B7B7B3217B3FBD00EAD4F4 /* GameScene.sks */ = {isa = PBXFileReference; lastKnownFileType = file.sks; path = GameScene.sks; sourceTree = "<group>"; };
		C2B7B7B5217B3FBD00EAD4F4 /* Actions.sks */ = {isa = PBXFileReference; lastKnownFileType = file.sks; path = Actions.sks; sourceTree = "<group>"; };
		C2B7B7B7217B3FBD00EAD4F4 /* GameScene.swift */ = {isa = PBXFileReference; lastKnownFileType = sourcecode.swift; path = GameScene.swift; sourceTree = "<group>"; };
		C2B7B7B9217B3FBD00EAD4F4 /* GameViewController.swift */ = {isa = PBXFileReference; lastKnownFileType = sourcecode.swift; path = GameViewController.swift; sourceTree = "<group>"; };
		C2B7B7BC217B3FBD00EAD4F4 /* Base */ = {isa = PBXFileReference; lastKnownFileType = file.storyboard; name = Base; path = Base.lproj/Main.storyboard; sourceTree = "<group>"; };
		C2B7B7BE217B3FBD00EAD4F4 /* Assets.xcassets */ = {isa = PBXFileReference; lastKnownFileType = folder.assetcatalog; path = Assets.xcassets; sourceTree = "<group>"; };
		C2B7B7C1217B3FBD00EAD4F4 /* Base */ = {isa = PBXFileReference; lastKnownFileType = file.storyboard; name = Base; path = Base.lproj/LaunchScreen.storyboard; sourceTree = "<group>"; };
		C2B7B7C3217B3FBD00EAD4F4 /* Info.plist */ = {isa = PBXFileReference; lastKnownFileType = text.plist.xml; path = Info.plist; sourceTree = "<group>"; };
/* End PBXFileReference section */

/* Begin PBXFrameworksBuildPhase section */
		C2B7B7AB217B3FBD00EAD4F4 /* Frameworks */ = {
			isa = PBXFrameworksBuildPhase;
			buildActionMask = 2147483647;
			files = (
			);
			runOnlyForDeploymentPostprocessing = 0;
		};
/* End PBXFrameworksBuildPhase section */

/* Begin PBXGroup section */
		C2B7B7A5217B3FBD00EAD4F4 = {
			isa = PBXGroup;
			children = (
				C2B7B7B0217B3FBD00EAD4F4 /* countup */,
				C2B7B7AF217B3FBD00EAD4F4 /* Products */,
			);
			sourceTree = "<group>";
		};
		C2B7B7AF217B3FBD00EAD4F4 /* Products */ = {
			isa = PBXGroup;
			children = (
				C2B7B7AE217B3FBD00EAD4F4 /* countup.app */,
			);
			name = Products;
			sourceTree = "<group>";
		};
		C2B7B7B0217B3FBD00EAD4F4 /* countup */ = {
			isa = PBXGroup;
			children = (
				C2B7B7B1217B3FBD00EAD4F4 /* AppDelegate.swift */,
				C2B7B7B3217B3FBD00EAD4F4 /* GameScene.sks */,
				C2B7B7B5217B3FBD00EAD4F4 /* Actions.sks */,
				C2B7B7B7217B3FBD00EAD4F4 /* GameScene.swift */,
				C2B7B7B9217B3FBD00EAD4F4 /* GameViewController.swift */,
				C2B7B7BB217B3FBD00EAD4F4 /* Main.storyboard */,
				C2B7B7BE217B3FBD00EAD4F4 /* Assets.xcassets */,
				C2B7B7C0217B3FBD00EAD4F4 /* LaunchScreen.storyboard */,
				C2B7B7C3217B3FBD00EAD4F4 /* Info.plist */,
			);
			path = countup;
			sourceTree = "<group>";
		};
/* End PBXGroup section */

/* Begin PBXNativeTarget section */
		C2B7B7AD217B3FBD00EAD4F4 /* countup */ = {
			isa = PBXNativeTarget;
			buildConfigurationList = C2B7B7C6217B3FBD00EAD4F4 /* Build configuration list for PBXNativeTarget "countup" */;
			buildPhases = (
				C2B7B7AA217B3FBD00EAD4F4 /* Sources */,
				C2B7B7AB217B3FBD00EAD4F4 /* Frameworks */,
				C2B7B7AC217B3FBD00EAD4F4 /* Resources */,
			);
			buildRules = (
			);
			dependencies = (
			);
			name = countup;
			productName = countup;
			productReference = C2B7B7AE217B3FBD00EAD4F4 /* countup.app */;
			productType = "com.apple.product-type.application";
		};
/* End PBXNativeTarget section */

/* Begin PBXProject section */
		C2B7B7A6217B3FBD00EAD4F4 /* Project object */ = {
			isa = PBXProject;
			attributes = {
				LastSwiftUpdateCheck = 0920;
				LastUpgradeCheck = 0920;
				ORGANIZATIONNAME = "木村　僚介";
				TargetAttributes = {
					C2B7B7AD217B3FBD00EAD4F4 = {
						CreatedOnToolsVersion = 9.2;
						ProvisioningStyle = Automatic;
					};
				};
			};
			buildConfigurationList = C2B7B7A9217B3FBD00EAD4F4 /* Build configuration list for PBXProject "countup" */;
			compatibilityVersion = "Xcode 8.0";
			developmentRegion = en;
			hasScannedForEncodings = 0;
			knownRegions = (
				en,
				Base,
			);
			mainGroup = C2B7B7A5217B3FBD00EAD4F4;
			productRefGroup = C2B7B7AF217B3FBD00EAD4F4 /* Products */;
			projectDirPath = "";
			projectRoot = "";
			targets = (
				C2B7B7AD217B3FBD00EAD4F4 /* countup */,
			);
		};
/* End PBXProject section */

/* Begin PBXResourcesBuildPhase section */
		C2B7B7AC217B3FBD00EAD4F4 /* Resources */ = {
			isa = PBXResourcesBuildPhase;
			buildActionMask = 2147483647;
			files = (
				C2B7B7BD217B3FBD00EAD4F4 /* Main.storyboard in Resources */,
				C2B7B7B4217B3FBD00EAD4F4 /* GameScene.sks in Resources */,
				C2B7B7BF217B3FBD00EAD4F4 /* Assets.xcassets in Resources */,
				C2B7B7C2217B3FBD00EAD4F4 /* LaunchScreen.storyboard in Resources */,
				C2B7B7B6217B3FBD00EAD4F4 /* Actions.sks in Resources */,
			);
			runOnlyForDeploymentPostprocessing = 0;
		};
/* End PBXResourcesBuildPhase section */

/* Begin PBXSourcesBuildPhase section */
		C2B7B7AA217B3FBD00EAD4F4 /* Sources */ = {
			isa = PBXSourcesBuildPhase;
			buildActionMask = 2147483647;
			files = (
				C2B7B7B8217B3FBD00EAD4F4 /* GameScene.swift in Sources */,
				C2B7B7BA217B3FBD00EAD4F4 /* GameViewController.swift in Sources */,
				C2B7B7B2217B3FBD00EAD4F4 /* AppDelegate.swift in Sources */,
			);
			runOnlyForDeploymentPostprocessing = 0;
		};
/* End PBXSourcesBuildPhase section */

/* Begin PBXVariantGroup section */
		C2B7B7BB217B3FBD00EAD4F4 /* Main.storyboard */ = {
			isa = PBXVariantGroup;
			children = (
				C2B7B7BC217B3FBD00EAD4F4 /* Base */,
			);
			name = Main.storyboard;
			sourceTree = "<group>";
		};
		C2B7B7C0217B3FBD00EAD4F4 /* LaunchScreen.storyboard */ = {
			isa = PBXVariantGroup;
			children = (
				C2B7B7C1217B3FBD00EAD4F4 /* Base */,
			);
			name = LaunchScreen.storyboard;
			sourceTree = "<group>";
		};
/* End PBXVariantGroup section */

/* Begin XCBuildConfiguration section */
		C2B7B7C4217B3FBD00EAD4F4 /* Debug */ = {
			isa = XCBuildConfiguration;
			buildSettings = {
				ALWAYS_SEARCH_USER_PATHS = NO;
				CLANG_ANALYZER_NONNULL = YES;
				CLANG_ANALYZER_NUMBER_OBJECT_CONVERSION = YES_AGGRESSIVE;
				CLANG_CXX_LANGUAGE_STANDARD = "gnu++14";
				CLANG_CXX_LIBRARY = "libc++";
				CLANG_ENABLE_MODULES = YES;
				CLANG_ENABLE_OBJC_ARC = YES;
				CLANG_WARN_BLOCK_CAPTURE_AUTORELEASING = YES;
				CLANG_WARN_BOOL_CONVERSION = YES;
				CLANG_WARN_COMMA = YES;
				CLANG_WARN_CONSTANT_CONVERSION = YES;
				CLANG_WARN_DIRECT_OBJC_ISA_USAGE = YES_ERROR;
				CLANG_WARN_DOCUMENTATION_COMMENTS = YES;
				CLANG_WARN_EMPTY_BODY = YES;
				CLANG_WARN_ENUM_CONVERSION = YES;
				CLANG_WARN_INFINITE_RECURSION = YES;
				CLANG_WARN_INT_CONVERSION = YES;
				CLANG_WARN_NON_LITERAL_NULL_CONVERSION = YES;
				CLANG_WARN_OBJC_LITERAL_CONVERSION = YES;
				CLANG_WARN_OBJC_ROOT_CLASS = YES_ERROR;
				CLANG_WARN_RANGE_LOOP_ANALYSIS = YES;
				CLANG_WARN_STRICT_PROTOTYPES = YES;
				CLANG_WARN_SUSPICIOUS_MOVE = YES;
				CLANG_WARN_UNGUARDED_AVAILABILITY = YES_AGGRESSIVE;
				CLANG_WARN_UNREACHABLE_CODE = YES;
				CLANG_WARN__DUPLICATE_METHOD_MATCH = YES;
				CODE_SIGN_IDENTITY = "iPhone Developer";
				COPY_PHASE_STRIP = NO;
				DEBUG_INFORMATION_FORMAT = dwarf;
				ENABLE_STRICT_OBJC_MSGSEND = YES;
				ENABLE_TESTABILITY = YES;
				GCC_C_LANGUAGE_STANDARD = gnu11;
				GCC_DYNAMIC_NO_PIC = NO;
				GCC_NO_COMMON_BLOCKS = YES;
				GCC_OPTIMIZATION_LEVEL = 0;
				GCC_PREPROCESSOR_DEFINITIONS = (
					"DEBUG=1",
					"$(inherited)",
				);
				GCC_WARN_64_TO_32_BIT_CONVERSION = YES;
				GCC_WARN_ABOUT_RETURN_TYPE = YES_ERROR;
				GCC_WARN_UNDECLARED_SELECTOR = YES;
				GCC_WARN_UNINITIALIZED_AUTOS = YES_AGGRESSIVE;
				GCC_WARN_UNUSED_FUNCTION = YES;
				GCC_WARN_UNUSED_VARIABLE = YES;
				IPHONEOS_DEPLOYMENT_TARGET = 11.2;
				MTL_ENABLE_DEBUG_INFO = YES;
				ONLY_ACTIVE_ARCH = YES;
				SDKROOT = iphoneos;
				SWIFT_ACTIVE_COMPILATION_CONDITIONS = DEBUG;
				SWIFT_OPTIMIZATION_LEVEL = "-Onone";
			};
			name = Debug;
		};
		C2B7B7C5217B3FBD00EAD4F4 /* Release */ = {
			isa = XCBuildConfiguration;
			buildSettings = {
				ALWAYS_SEARCH_USER_PATHS = NO;
				CLANG_ANALYZER_NONNULL = YES;
				CLANG_ANALYZER_NUMBER_OBJECT_CONVERSION = YES_AGGRESSIVE;
				CLANG_CXX_LANGUAGE_STANDARD = "gnu++14";
				CLANG_CXX_LIBRARY = "libc++";
				CLANG_ENABLE_MODULES = YES;
				CLANG_ENABLE_OBJC_ARC = YES;
				CLANG_WARN_BLOCK_CAPTURE_AUTORELEASING = YES;
				CLANG_WARN_BOOL_CONVERSION = YES;
				CLANG_WARN_COMMA = YES;
				CLANG_WARN_CONSTANT_CONVERSION = YES;
				CLANG_WARN_DIRECT_OBJC_ISA_USAGE = YES_ERROR;
				CLANG_WARN_DOCUMENTATION_COMMENTS = YES;
				CLANG_WARN_EMPTY_BODY = YES;
				CLANG_WARN_ENUM_CONVERSION = YES;
				CLANG_WARN_INFINITE_RECURSION = YES;
				CLANG_WARN_INT_CONVERSION = YES;
				CLANG_WARN_NON_LITERAL_NULL_CONVERSION = YES;
				CLANG_WARN_OBJC_LITERAL_CONVERSION = YES;
				CLANG_WARN_OBJC_ROOT_CLASS = YES_ERROR;
				CLANG_WARN_RANGE_LOOP_ANALYSIS = YES;
				CLANG_WARN_STRICT_PROTOTYPES = YES;
				CLANG_WARN_SUSPICIOUS_MOVE = YES;
				CLANG_WARN_UNGUARDED_AVAILABILITY = YES_AGGRESSIVE;
				CLANG_WARN_UNREACHABLE_CODE = YES;
				CLANG_WARN__DUPLICATE_METHOD_MATCH = YES;
				CODE_SIGN_IDENTITY = "iPhone Developer";
				COPY_PHASE_STRIP = NO;
				DEBUG_INFORMATION_FORMAT = "dwarf-with-dsym";
				ENABLE_NS_ASSERTIONS = NO;
				ENABLE_STRICT_OBJC_MSGSEND = YES;
				GCC_C_LANGUAGE_STANDARD = gnu11;
				GCC_NO_COMMON_BLOCKS = YES;
				GCC_WARN_64_TO_32_BIT_CONVERSION = YES;
				GCC_WARN_ABOUT_RETURN_TYPE = YES_ERROR;
				GCC_WARN_UNDECLARED_SELECTOR = YES;
				GCC_WARN_UNINITIALIZED_AUTOS = YES_AGGRESSIVE;
				GCC_WARN_UNUSED_FUNCTION = YES;
				GCC_WARN_UNUSED_VARIABLE = YES;
				IPHONEOS_DEPLOYMENT_TARGET = 11.2;
				MTL_ENABLE_DEBUG_INFO = NO;
				SDKROOT = iphoneos;
				SWIFT_OPTIMIZATION_LEVEL = "-Owholemodule";
				VALIDATE_PRODUCT = YES;
			};
			name = Release;
		};
		C2B7B7C7217B3FBD00EAD4F4 /* Debug */ = {
			isa = XCBuildConfiguration;
			buildSettings = {
				ASSETCATALOG_COMPILER_APPICON_NAME = AppIcon;
				CODE_SIGN_STYLE = Automatic;
				INFOPLIST_FILE = countup/Info.plist;
				LD_RUNPATH_SEARCH_PATHS = "$(inherited) @executable_path/Frameworks";
				PRODUCT_BUNDLE_IDENTIFIER = com.Iitech.countup;
				PRODUCT_NAME = "$(TARGET_NAME)";
				SWIFT_VERSION = 4.0;
				TARGETED_DEVICE_FAMILY = "1,2";
			};
			name = Debug;
		};
		C2B7B7C8217B3FBD00EAD4F4 /* Release */ = {
			isa = XCBuildConfiguration;
			buildSettings = {
				ASSETCATALOG_COMPILER_APPICON_NAME = AppIcon;
				CODE_SIGN_STYLE = Automatic;
				INFOPLIST_FILE = countup/Info.plist;
				LD_RUNPATH_SEARCH_PATHS = "$(inherited) @executable_path/Frameworks";
				PRODUCT_BUNDLE_IDENTIFIER = com.Iitech.countup;
				PRODUCT_NAME = "$(TARGET_NAME)";
				SWIFT_VERSION = 4.0;
				TARGETED_DEVICE_FAMILY = "1,2";
			};
			name = Release;
		};
/* End XCBuildConfiguration section */

/* Begin XCConfigurationList section */
		C2B7B7A9217B3FBD00EAD4F4 /* Build configuration list for PBXProject "countup" */ = {
			isa = XCConfigurationList;
			buildConfigurations = (
				C2B7B7C4217B3FBD00EAD4F4 /* Debug */,
				C2B7B7C5217B3FBD00EAD4F4 /* Release */,
			);
			defaultConfigurationIsVisible = 0;
			defaultConfigurationName = Release;
		};
		C2B7B7C6217B3FBD00EAD4F4 /* Build configuration list for PBXNativeTarget "countup" */ = {
			isa = XCConfigurationList;
			buildConfigurations = (
				C2B7B7C7217B3FBD00EAD4F4 /* Debug */,
				C2B7B7C8217B3FBD00EAD4F4 /* Release */,
			);
			defaultConfigurationIsVisible = 0;
			defaultConfigurationName = Release;
		};
/* End XCConfigurationList section */
	};
	rootObject = C2B7B7A6217B3FBD00EAD4F4 /* Project object */;
}
